// !$*UTF8*$!
{
	archiveVersion = 1;
	classes = {
	};
	objectVersion = 50;
	objects = {

/* Begin PBXBuildFile section */
		CACC08B52278623600FC1D88 /* AppDelegate.swift in Sources */ = {isa = PBXBuildFile; fileRef = CACC08B42278623600FC1D88 /* AppDelegate.swift */; };
		CACC08B72278623600FC1D88 /* ViewController.swift in Sources */ = {isa = PBXBuildFile; fileRef = CACC08B62278623600FC1D88 /* ViewController.swift */; };
		CACC08BA2278623600FC1D88 /* Main.storyboard in Resources */ = {isa = PBXBuildFile; fileRef = CACC08B82278623600FC1D88 /* Main.storyboard */; };
		CACC08BC2278623700FC1D88 /* Assets.xcassets in Resources */ = {isa = PBXBuildFile; fileRef = CACC08BB2278623700FC1D88 /* Assets.xcassets */; };
		CACC08BF2278623700FC1D88 /* LaunchScreen.storyboard in Resources */ = {isa = PBXBuildFile; fileRef = CACC08BD2278623700FC1D88 /* LaunchScreen.storyboard */; };
		CACC08CA2278623700FC1D88 /* KotlinIOSTests.swift in Sources */ = {isa = PBXBuildFile; fileRef = CACC08C92278623700FC1D88 /* KotlinIOSTests.swift */; };
		CACC08D52278623700FC1D88 /* KotlinIOSUITests.swift in Sources */ = {isa = PBXBuildFile; fileRef = CACC08D42278623700FC1D88 /* KotlinIOSUITests.swift */; };
		CACC08F62278725300FC1D88 /* CommonNative.framework in Frameworks */ = {isa = PBXBuildFile; fileRef = CACC08F52278725200FC1D88 /* CommonNative.framework */; };
		CACC08F72278725300FC1D88 /* CommonNative.framework in Embed Frameworks */ = {isa = PBXBuildFile; fileRef = CACC08F52278725200FC1D88 /* CommonNative.framework */; settings = {ATTRIBUTES = (CodeSignOnCopy, RemoveHeadersOnCopy, ); }; };
/* End PBXBuildFile section */

/* Begin PBXContainerItemProxy section */
		CACC08C62278623700FC1D88 /* PBXContainerItemProxy */ = {
			isa = PBXContainerItemProxy;
			containerPortal = CACC08A92278623600FC1D88 /* Project object */;
			proxyType = 1;
			remoteGlobalIDString = CACC08B02278623600FC1D88;
			remoteInfo = KotlinIOS;
		};
		CACC08D12278623700FC1D88 /* PBXContainerItemProxy */ = {
			isa = PBXContainerItemProxy;
			containerPortal = CACC08A92278623600FC1D88 /* Project object */;
			proxyType = 1;
			remoteGlobalIDString = CACC08B02278623600FC1D88;
			remoteInfo = KotlinIOS;
		};
/* End PBXContainerItemProxy section */

/* Begin PBXCopyFilesBuildPhase section */
		CACC08ED22786DF600FC1D88 /* Embed Frameworks */ = {
			isa = PBXCopyFilesBuildPhase;
			buildActionMask = 2147483647;
			dstPath = "";
			dstSubfolderSpec = 10;
			files = (
				CACC08F72278725300FC1D88 /* CommonNative.framework in Embed Frameworks */,
			);
			name = "Embed Frameworks";
			runOnlyForDeploymentPostprocessing = 0;
		};
/* End PBXCopyFilesBuildPhase section */

/* Begin PBXFileReference section */
		CACC08B12278623600FC1D88 /* KotlinIOS.app */ = {isa = PBXFileReference; explicitFileType = wrapper.application; includeInIndex = 0; path = KotlinIOS.app; sourceTree = BUILT_PRODUCTS_DIR; };
		CACC08B42278623600FC1D88 /* AppDelegate.swift */ = {isa = PBXFileReference; lastKnownFileType = sourcecode.swift; path = AppDelegate.swift; sourceTree = "<group>"; };
		CACC08B62278623600FC1D88 /* ViewController.swift */ = {isa = PBXFileReference; lastKnownFileType = sourcecode.swift; path = ViewController.swift; sourceTree = "<group>"; };
		CACC08B92278623600FC1D88 /* Base */ = {isa = PBXFileReference; lastKnownFileType = file.storyboard; name = Base; path = Base.lproj/Main.storyboard; sourceTree = "<group>"; };
		CACC08BB2278623700FC1D88 /* Assets.xcassets */ = {isa = PBXFileReference; lastKnownFileType = folder.assetcatalog; path = Assets.xcassets; sourceTree = "<group>"; };
		CACC08BE2278623700FC1D88 /* Base */ = {isa = PBXFileReference; lastKnownFileType = file.storyboard; name = Base; path = Base.lproj/LaunchScreen.storyboard; sourceTree = "<group>"; };
		CACC08C02278623700FC1D88 /* Info.plist */ = {isa = PBXFileReference; lastKnownFileType = text.plist.xml; path = Info.plist; sourceTree = "<group>"; };
		CACC08C52278623700FC1D88 /* KotlinIOSTests.xctest */ = {isa = PBXFileReference; explicitFileType = wrapper.cfbundle; includeInIndex = 0; path = KotlinIOSTests.xctest; sourceTree = BUILT_PRODUCTS_DIR; };
		CACC08C92278623700FC1D88 /* KotlinIOSTests.swift */ = {isa = PBXFileReference; lastKnownFileType = sourcecode.swift; path = KotlinIOSTests.swift; sourceTree = "<group>"; };
		CACC08CB2278623700FC1D88 /* Info.plist */ = {isa = PBXFileReference; lastKnownFileType = text.plist.xml; path = Info.plist; sourceTree = "<group>"; };
		CACC08D02278623700FC1D88 /* KotlinIOSUITests.xctest */ = {isa = PBXFileReference; explicitFileType = wrapper.cfbundle; includeInIndex = 0; path = KotlinIOSUITests.xctest; sourceTree = BUILT_PRODUCTS_DIR; };
		CACC08D42278623700FC1D88 /* KotlinIOSUITests.swift */ = {isa = PBXFileReference; lastKnownFileType = sourcecode.swift; path = KotlinIOSUITests.swift; sourceTree = "<group>"; };
		CACC08D62278623700FC1D88 /* Info.plist */ = {isa = PBXFileReference; lastKnownFileType = text.plist.xml; path = Info.plist; sourceTree = "<group>"; };
		CACC08F52278725200FC1D88 /* CommonNative.framework */ = {isa = PBXFileReference; lastKnownFileType = wrapper.framework; name = CommonNative.framework; path = "../../CommonNative/build/xcode-frameworks/CommonNative.framework"; sourceTree = "<group>"; };
/* End PBXFileReference section */

/* Begin PBXFrameworksBuildPhase section */
		CACC08AE2278623600FC1D88 /* Frameworks */ = {
			isa = PBXFrameworksBuildPhase;
			buildActionMask = 2147483647;
			files = (
				CACC08F62278725300FC1D88 /* CommonNative.framework in Frameworks */,
			);
			runOnlyForDeploymentPostprocessing = 0;
		};
		CACC08C22278623700FC1D88 /* Frameworks */ = {
			isa = PBXFrameworksBuildPhase;
			buildActionMask = 2147483647;
			files = (
			);
			runOnlyForDeploymentPostprocessing = 0;
		};
		CACC08CD2278623700FC1D88 /* Frameworks */ = {
			isa = PBXFrameworksBuildPhase;
			buildActionMask = 2147483647;
			files = (
			);
			runOnlyForDeploymentPostprocessing = 0;
		};
/* End PBXFrameworksBuildPhase section */

/* Begin PBXGroup section */
		CACC08A82278623600FC1D88 = {
			isa = PBXGroup;
			children = (
				CACC08F52278725200FC1D88 /* CommonNative.framework */,
				CACC08B32278623600FC1D88 /* KotlinIOS */,
				CACC08C82278623700FC1D88 /* KotlinIOSTests */,
				CACC08D32278623700FC1D88 /* KotlinIOSUITests */,
				CACC08B22278623600FC1D88 /* Products */,
			);
			sourceTree = "<group>";
		};
		CACC08B22278623600FC1D88 /* Products */ = {
			isa = PBXGroup;
			children = (
				CACC08B12278623600FC1D88 /* KotlinIOS.app */,
				CACC08C52278623700FC1D88 /* KotlinIOSTests.xctest */,
				CACC08D02278623700FC1D88 /* KotlinIOSUITests.xctest */,
			);
			name = Products;
			sourceTree = "<group>";
		};
		CACC08B32278623600FC1D88 /* KotlinIOS */ = {
			isa = PBXGroup;
			children = (
				CACC08B42278623600FC1D88 /* AppDelegate.swift */,
				CACC08B62278623600FC1D88 /* ViewController.swift */,
				CACC08B82278623600FC1D88 /* Main.storyboard */,
				CACC08BB2278623700FC1D88 /* Assets.xcassets */,
				CACC08BD2278623700FC1D88 /* LaunchScreen.storyboard */,
				CACC08C02278623700FC1D88 /* Info.plist */,
			);
			path = KotlinIOS;
			sourceTree = "<group>";
		};
		CACC08C82278623700FC1D88 /* KotlinIOSTests */ = {
			isa = PBXGroup;
			children = (
				CACC08C92278623700FC1D88 /* KotlinIOSTests.swift */,
				CACC08CB2278623700FC1D88 /* Info.plist */,
			);
			path = KotlinIOSTests;
			sourceTree = "<group>";
		};
		CACC08D32278623700FC1D88 /* KotlinIOSUITests */ = {
			isa = PBXGroup;
			children = (
				CACC08D42278623700FC1D88 /* KotlinIOSUITests.swift */,
				CACC08D62278623700FC1D88 /* Info.plist */,
			);
			path = KotlinIOSUITests;
			sourceTree = "<group>";
		};
/* End PBXGroup section */

/* Begin PBXNativeTarget section */
		CACC08B02278623600FC1D88 /* KotlinIOS */ = {
			isa = PBXNativeTarget;
			buildConfigurationList = CACC08D92278623700FC1D88 /* Build configuration list for PBXNativeTarget "KotlinIOS" */;
			buildPhases = (
				CACC08E622786AB300FC1D88 /* ShellScript */,
				CACC08AD2278623600FC1D88 /* Sources */,
				CACC08AE2278623600FC1D88 /* Frameworks */,
				CACC08AF2278623600FC1D88 /* Resources */,
				CACC08ED22786DF600FC1D88 /* Embed Frameworks */,
			);
			buildRules = (
			);
			dependencies = (
			);
			name = KotlinIOS;
			productName = KotlinIOS;
			productReference = CACC08B12278623600FC1D88 /* KotlinIOS.app */;
			productType = "com.apple.product-type.application";
		};
		CACC08C42278623700FC1D88 /* KotlinIOSTests */ = {
			isa = PBXNativeTarget;
			buildConfigurationList = CACC08DC2278623700FC1D88 /* Build configuration list for PBXNativeTarget "KotlinIOSTests" */;
			buildPhases = (
				CACC08C12278623700FC1D88 /* Sources */,
				CACC08C22278623700FC1D88 /* Frameworks */,
				CACC08C32278623700FC1D88 /* Resources */,
			);
			buildRules = (
			);
			dependencies = (
				CACC08C72278623700FC1D88 /* PBXTargetDependency */,
			);
			name = KotlinIOSTests;
			productName = KotlinIOSTests;
			productReference = CACC08C52278623700FC1D88 /* KotlinIOSTests.xctest */;
			productType = "com.apple.product-type.bundle.unit-test";
		};
		CACC08CF2278623700FC1D88 /* KotlinIOSUITests */ = {
			isa = PBXNativeTarget;
			buildConfigurationList = CACC08DF2278623700FC1D88 /* Build configuration list for PBXNativeTarget "KotlinIOSUITests" */;
			buildPhases = (
				CACC08CC2278623700FC1D88 /* Sources */,
				CACC08CD2278623700FC1D88 /* Frameworks */,
				CACC08CE2278623700FC1D88 /* Resources */,
			);
			buildRules = (
			);
			dependencies = (
				CACC08D22278623700FC1D88 /* PBXTargetDependency */,
			);
			name = KotlinIOSUITests;
			productName = KotlinIOSUITests;
			productReference = CACC08D02278623700FC1D88 /* KotlinIOSUITests.xctest */;
			productType = "com.apple.product-type.bundle.ui-testing";
		};
/* End PBXNativeTarget section */

/* Begin PBXProject section */
		CACC08A92278623600FC1D88 /* Project object */ = {
			isa = PBXProject;
			attributes = {
				LastSwiftUpdateCheck = 1020;
				LastUpgradeCheck = 1020;
				ORGANIZATIONNAME = "Arun V Pillai";
				TargetAttributes = {
					CACC08B02278623600FC1D88 = {
						CreatedOnToolsVersion = 10.2.1;
					};
					CACC08C42278623700FC1D88 = {
						CreatedOnToolsVersion = 10.2.1;
						TestTargetID = CACC08B02278623600FC1D88;
					};
					CACC08CF2278623700FC1D88 = {
						CreatedOnToolsVersion = 10.2.1;
						TestTargetID = CACC08B02278623600FC1D88;
					};
				};
			};
			buildConfigurationList = CACC08AC2278623600FC1D88 /* Build configuration list for PBXProject "KotlinIOS" */;
			compatibilityVersion = "Xcode 9.3";
			developmentRegion = en;
			hasScannedForEncodings = 0;
			knownRegions = (
				en,
				Base,
			);
			mainGroup = CACC08A82278623600FC1D88;
			productRefGroup = CACC08B22278623600FC1D88 /* Products */;
			projectDirPath = "";
			projectRoot = "";
			targets = (
				CACC08B02278623600FC1D88 /* KotlinIOS */,
				CACC08C42278623700FC1D88 /* KotlinIOSTests */,
				CACC08CF2278623700FC1D88 /* KotlinIOSUITests */,
			);
		};
/* End PBXProject section */

/* Begin PBXResourcesBuildPhase section */
		CACC08AF2278623600FC1D88 /* Resources */ = {
			isa = PBXResourcesBuildPhase;
			buildActionMask = 2147483647;
			files = (
				CACC08BF2278623700FC1D88 /* LaunchScreen.storyboard in Resources */,
				CACC08BC2278623700FC1D88 /* Assets.xcassets in Resources */,
				CACC08BA2278623600FC1D88 /* Main.storyboard in Resources */,
			);
			runOnlyForDeploymentPostprocessing = 0;
		};
		CACC08C32278623700FC1D88 /* Resources */ = {
			isa = PBXResourcesBuildPhase;
			buildActionMask = 2147483647;
			files = (
			);
			runOnlyForDeploymentPostprocessing = 0;
		};
		CACC08CE2278623700FC1D88 /* Resources */ = {
			isa = PBXResourcesBuildPhase;
			buildActionMask = 2147483647;
			files = (
			);
			runOnlyForDeploymentPostprocessing = 0;
		};
/* End PBXResourcesBuildPhase section */

/* Begin PBXShellScriptBuildPhase section */
		CACC08E622786AB300FC1D88 /* ShellScript */ = {
			isa = PBXShellScriptBuildPhase;
			buildActionMask = 2147483647;
			files = (
			);
			inputFileListPaths = (
			);
			inputPaths = (
			);
			outputFileListPaths = (
			);
			outputPaths = (
			);
			runOnlyForDeploymentPostprocessing = 0;
			shellPath = /bin/sh;
			shellScript = "cd \"$SRCROOT/../../CommonNative/build/xcode-frameworks\"\n./gradlew :CommonNative:packForXCode -PXCODE_CONFIGURATION=${CONFIGURATION}\n";
		};
/* End PBXShellScriptBuildPhase section */

/* Begin PBXSourcesBuildPhase section */
		CACC08AD2278623600FC1D88 /* Sources */ = {
			isa = PBXSourcesBuildPhase;
			buildActionMask = 2147483647;
			files = (
				CACC08B72278623600FC1D88 /* ViewController.swift in Sources */,
				CACC08B52278623600FC1D88 /* AppDelegate.swift in Sources */,
			);
			runOnlyForDeploymentPostprocessing = 0;
		};
		CACC08C12278623700FC1D88 /* Sources */ = {
			isa = PBXSourcesBuildPhase;
			buildActionMask = 2147483647;
			files = (
				CACC08CA2278623700FC1D88 /* KotlinIOSTests.swift in Sources */,
			);
			runOnlyForDeploymentPostprocessing = 0;
		};
		CACC08CC2278623700FC1D88 /* Sources */ = {
			isa = PBXSourcesBuildPhase;
			buildActionMask = 2147483647;
			files = (
				CACC08D52278623700FC1D88 /* KotlinIOSUITests.swift in Sources */,
			);
			runOnlyForDeploymentPostprocessing = 0;
		};
/* End PBXSourcesBuildPhase section */

/* Begin PBXTargetDependency section */
		CACC08C72278623700FC1D88 /* PBXTargetDependency */ = {
			isa = PBXTargetDependency;
			target = CACC08B02278623600FC1D88 /* KotlinIOS */;
			targetProxy = CACC08C62278623700FC1D88 /* PBXContainerItemProxy */;
		};
		CACC08D22278623700FC1D88 /* PBXTargetDependency */ = {
			isa = PBXTargetDependency;
			target = CACC08B02278623600FC1D88 /* KotlinIOS */;
			targetProxy = CACC08D12278623700FC1D88 /* PBXContainerItemProxy */;
		};
/* End PBXTargetDependency section */

/* Begin PBXVariantGroup section */
		CACC08B82278623600FC1D88 /* Main.storyboard */ = {
			isa = PBXVariantGroup;
			children = (
				CACC08B92278623600FC1D88 /* Base */,
			);
			name = Main.storyboard;
			sourceTree = "<group>";
		};
		CACC08BD2278623700FC1D88 /* LaunchScreen.storyboard */ = {
			isa = PBXVariantGroup;
			children = (
				CACC08BE2278623700FC1D88 /* Base */,
			);
			name = LaunchScreen.storyboard;
			sourceTree = "<group>";
		};
/* End PBXVariantGroup section */

/* Begin XCBuildConfiguration section */
		CACC08D72278623700FC1D88 /* Debug */ = {
			isa = XCBuildConfiguration;
			buildSettings = {
				ALWAYS_SEARCH_USER_PATHS = NO;
				CLANG_ANALYZER_NONNULL = YES;
				CLANG_ANALYZER_NUMBER_OBJECT_CONVERSION = YES_AGGRESSIVE;
				CLANG_CXX_LANGUAGE_STANDARD = "gnu++14";
				CLANG_CXX_LIBRARY = "libc++";
				CLANG_ENABLE_MODULES = YES;
				CLANG_ENABLE_OBJC_ARC = YES;
				CLANG_ENABLE_OBJC_WEAK = YES;
				CLANG_WARN_BLOCK_CAPTURE_AUTORELEASING = YES;
				CLANG_WARN_BOOL_CONVERSION = YES;
				CLANG_WARN_COMMA = YES;
				CLANG_WARN_CONSTANT_CONVERSION = YES;
				CLANG_WARN_DEPRECATED_OBJC_IMPLEMENTATIONS = YES;
				CLANG_WARN_DIRECT_OBJC_ISA_USAGE = YES_ERROR;
				CLANG_WARN_DOCUMENTATION_COMMENTS = YES;
				CLANG_WARN_EMPTY_BODY = YES;
				CLANG_WARN_ENUM_CONVERSION = YES;
				CLANG_WARN_INFINITE_RECURSION = YES;
				CLANG_WARN_INT_CONVERSION = YES;
				CLANG_WARN_NON_LITERAL_NULL_CONVERSION = YES;
				CLANG_WARN_OBJC_IMPLICIT_RETAIN_SELF = YES;
				CLANG_WARN_OBJC_LITERAL_CONVERSION = YES;
				CLANG_WARN_OBJC_ROOT_CLASS = YES_ERROR;
				CLANG_WARN_RANGE_LOOP_ANALYSIS = YES;
				CLANG_WARN_STRICT_PROTOTYPES = YES;
				CLANG_WARN_SUSPICIOUS_MOVE = YES;
				CLANG_WARN_UNGUARDED_AVAILABILITY = YES_AGGRESSIVE;
				CLANG_WARN_UNREACHABLE_CODE = YES;
				CLANG_WARN__DUPLICATE_METHOD_MATCH = YES;
				CODE_SIGN_IDENTITY = "iPhone Developer";
				COPY_PHASE_STRIP = NO;
				DEBUG_INFORMATION_FORMAT = dwarf;
				ENABLE_STRICT_OBJC_MSGSEND = YES;
				ENABLE_TESTABILITY = YES;
				GCC_C_LANGUAGE_STANDARD = gnu11;
				GCC_DYNAMIC_NO_PIC = NO;
				GCC_NO_COMMON_BLOCKS = YES;
				GCC_OPTIMIZATION_LEVEL = 0;
				GCC_PREPROCESSOR_DEFINITIONS = (
					"DEBUG=1",
					"$(inherited)",
				);
				GCC_WARN_64_TO_32_BIT_CONVERSION = YES;
				GCC_WARN_ABOUT_RETURN_TYPE = YES_ERROR;
				GCC_WARN_UNDECLARED_SELECTOR = YES;
				GCC_WARN_UNINITIALIZED_AUTOS = YES_AGGRESSIVE;
				GCC_WARN_UNUSED_FUNCTION = YES;
				GCC_WARN_UNUSED_VARIABLE = YES;
				IPHONEOS_DEPLOYMENT_TARGET = 12.2;
				MTL_ENABLE_DEBUG_INFO = INCLUDE_SOURCE;
				MTL_FAST_MATH = YES;
				ONLY_ACTIVE_ARCH = YES;
				SDKROOT = iphoneos;
				SWIFT_ACTIVE_COMPILATION_CONDITIONS = DEBUG;
				SWIFT_OPTIMIZATION_LEVEL = "-Onone";
			};
			name = Debug;
		};
		CACC08D82278623700FC1D88 /* Release */ = {
			isa = XCBuildConfiguration;
			buildSettings = {
				ALWAYS_SEARCH_USER_PATHS = NO;
				CLANG_ANALYZER_NONNULL = YES;
				CLANG_ANALYZER_NUMBER_OBJECT_CONVERSION = YES_AGGRESSIVE;
				CLANG_CXX_LANGUAGE_STANDARD = "gnu++14";
				CLANG_CXX_LIBRARY = "libc++";
				CLANG_ENABLE_MODULES = YES;
				CLANG_ENABLE_OBJC_ARC = YES;
				CLANG_ENABLE_OBJC_WEAK = YES;
				CLANG_WARN_BLOCK_CAPTURE_AUTORELEASING = YES;
				CLANG_WARN_BOOL_CONVERSION = YES;
				CLANG_WARN_COMMA = YES;
				CLANG_WARN_CONSTANT_CONVERSION = YES;
				CLANG_WARN_DEPRECATED_OBJC_IMPLEMENTATIONS = YES;
				CLANG_WARN_DIRECT_OBJC_ISA_USAGE = YES_ERROR;
				CLANG_WARN_DOCUMENTATION_COMMENTS = YES;
				CLANG_WARN_EMPTY_BODY = YES;
				CLANG_WARN_ENUM_CONVERSION = YES;
				CLANG_WARN_INFINITE_RECURSION = YES;
				CLANG_WARN_INT_CONVERSION = YES;
				CLANG_WARN_NON_LITERAL_NULL_CONVERSION = YES;
				CLANG_WARN_OBJC_IMPLICIT_RETAIN_SELF = YES;
				CLANG_WARN_OBJC_LITERAL_CONVERSION = YES;
				CLANG_WARN_OBJC_ROOT_CLASS = YES_ERROR;
				CLANG_WARN_RANGE_LOOP_ANALYSIS = YES;
				CLANG_WARN_STRICT_PROTOTYPES = YES;
				CLANG_WARN_SUSPICIOUS_MOVE = YES;
				CLANG_WARN_UNGUARDED_AVAILABILITY = YES_AGGRESSIVE;
				CLANG_WARN_UNREACHABLE_CODE = YES;
				CLANG_WARN__DUPLICATE_METHOD_MATCH = YES;
				CODE_SIGN_IDENTITY = "iPhone Developer";
				COPY_PHASE_STRIP = NO;
				DEBUG_INFORMATION_FORMAT = "dwarf-with-dsym";
				ENABLE_NS_ASSERTIONS = NO;
				ENABLE_STRICT_OBJC_MSGSEND = YES;
				GCC_C_LANGUAGE_STANDARD = gnu11;
				GCC_NO_COMMON_BLOCKS = YES;
				GCC_WARN_64_TO_32_BIT_CONVERSION = YES;
				GCC_WARN_ABOUT_RETURN_TYPE = YES_ERROR;
				GCC_WARN_UNDECLARED_SELECTOR = YES;
				GCC_WARN_UNINITIALIZED_AUTOS = YES_AGGRESSIVE;
				GCC_WARN_UNUSED_FUNCTION = YES;
				GCC_WARN_UNUSED_VARIABLE = YES;
				IPHONEOS_DEPLOYMENT_TARGET = 12.2;
				MTL_ENABLE_DEBUG_INFO = NO;
				MTL_FAST_MATH = YES;
				SDKROOT = iphoneos;
				SWIFT_COMPILATION_MODE = wholemodule;
				SWIFT_OPTIMIZATION_LEVEL = "-O";
				VALIDATE_PRODUCT = YES;
			};
			name = Release;
		};
		CACC08DA2278623700FC1D88 /* Debug */ = {
			isa = XCBuildConfiguration;
			buildSettings = {
				ASSETCATALOG_COMPILER_APPICON_NAME = AppIcon;
				CODE_SIGN_STYLE = Automatic;
				ENABLE_BITCODE = NO;
				FRAMEWORK_SEARCH_PATHS = "$(SRCROOT)/../../CommonNative/build/xcode-frameworks";
				INFOPLIST_FILE = KotlinIOS/Info.plist;
				LD_RUNPATH_SEARCH_PATHS = (
					"$(inherited)",
					"@executable_path/Frameworks",
				);
				PRODUCT_BUNDLE_IDENTIFIER = net.insi8.KotlinIOS;
				PRODUCT_NAME = "$(TARGET_NAME)";
				SWIFT_VERSION = 5.0;
				TARGETED_DEVICE_FAMILY = "1,2";
			};
			name = Debug;
		};
		CACC08DB2278623700FC1D88 /* Release */ = {
			isa = XCBuildConfiguration;
			buildSettings = {
				ASSETCATALOG_COMPILER_APPICON_NAME = AppIcon;
				CODE_SIGN_STYLE = Automatic;
				ENABLE_BITCODE = NO;
				FRAMEWORK_SEARCH_PATHS = "$(SRCROOT)/../../CommonNative/build/xcode-frameworks";
				INFOPLIST_FILE = KotlinIOS/Info.plist;
				LD_RUNPATH_SEARCH_PATHS = (
					"$(inherited)",
					"@executable_path/Frameworks",
				);
				PRODUCT_BUNDLE_IDENTIFIER = net.insi8.KotlinIOS;
				PRODUCT_NAME = "$(TARGET_NAME)";
				SWIFT_VERSION = 5.0;
				TARGETED_DEVICE_FAMILY = "1,2";
			};
			name = Release;
		};
		CACC08DD2278623700FC1D88 /* Debug */ = {
			isa = XCBuildConfiguration;
			buildSettings = {
				ALWAYS_EMBED_SWIFT_STANDARD_LIBRARIES = YES;
				BUNDLE_LOADER = "$(TEST_HOST)";
				CODE_SIGN_STYLE = Automatic;
				INFOPLIST_FILE = KotlinIOSTests/Info.plist;
				LD_RUNPATH_SEARCH_PATHS = (
					"$(inherited)",
					"@executable_path/Frameworks",
					"@loader_path/Frameworks",
				);
				PRODUCT_BUNDLE_IDENTIFIER = net.insi8.KotlinIOSTests;
				PRODUCT_NAME = "$(TARGET_NAME)";
				SWIFT_VERSION = 5.0;
				TARGETED_DEVICE_FAMILY = "1,2";
				TEST_HOST = "$(BUILT_PRODUCTS_DIR)/KotlinIOS.app/KotlinIOS";
			};
			name = Debug;
		};
		CACC08DE2278623700FC1D88 /* Release */ = {
			isa = XCBuildConfiguration;
			buildSettings = {
				ALWAYS_EMBED_SWIFT_STANDARD_LIBRARIES = YES;
				BUNDLE_LOADER = "$(TEST_HOST)";
				CODE_SIGN_STYLE = Automatic;
				INFOPLIST_FILE = KotlinIOSTests/Info.plist;
				LD_RUNPATH_SEARCH_PATHS = (
					"$(inherited)",
					"@executable_path/Frameworks",
					"@loader_path/Frameworks",
				);
				PRODUCT_BUNDLE_IDENTIFIER = net.insi8.KotlinIOSTests;
				PRODUCT_NAME = "$(TARGET_NAME)";
				SWIFT_VERSION = 5.0;
				TARGETED_DEVICE_FAMILY = "1,2";
				TEST_HOST = "$(BUILT_PRODUCTS_DIR)/KotlinIOS.app/KotlinIOS";
			};
			name = Release;
		};
		CACC08E02278623700FC1D88 /* Debug */ = {
			isa = XCBuildConfiguration;
			buildSettings = {
				ALWAYS_EMBED_SWIFT_STANDARD_LIBRARIES = YES;
				CODE_SIGN_STYLE = Automatic;
				INFOPLIST_FILE = KotlinIOSUITests/Info.plist;
				LD_RUNPATH_SEARCH_PATHS = (
					"$(inherited)",
					"@executable_path/Frameworks",
					"@loader_path/Frameworks",
				);
				PRODUCT_BUNDLE_IDENTIFIER = net.insi8.KotlinIOSUITests;
				PRODUCT_NAME = "$(TARGET_NAME)";
				SWIFT_VERSION = 5.0;
				TARGETED_DEVICE_FAMILY = "1,2";
				TEST_TARGET_NAME = KotlinIOS;
			};
			name = Debug;
		};
		CACC08E12278623700FC1D88 /* Release */ = {
			isa = XCBuildConfiguration;
			buildSettings = {
				ALWAYS_EMBED_SWIFT_STANDARD_LIBRARIES = YES;
				CODE_SIGN_STYLE = Automatic;
				INFOPLIST_FILE = KotlinIOSUITests/Info.plist;
				LD_RUNPATH_SEARCH_PATHS = (
					"$(inherited)",
					"@executable_path/Frameworks",
					"@loader_path/Frameworks",
				);
				PRODUCT_BUNDLE_IDENTIFIER = net.insi8.KotlinIOSUITests;
				PRODUCT_NAME = "$(TARGET_NAME)";
				SWIFT_VERSION = 5.0;
				TARGETED_DEVICE_FAMILY = "1,2";
				TEST_TARGET_NAME = KotlinIOS;
			};
			name = Release;
		};
/* End XCBuildConfiguration section */

/* Begin XCConfigurationList section */
		CACC08AC2278623600FC1D88 /* Build configuration list for PBXProject "KotlinIOS" */ = {
			isa = XCConfigurationList;
			buildConfigurations = (
				CACC08D72278623700FC1D88 /* Debug */,
				CACC08D82278623700FC1D88 /* Release */,
			);
			defaultConfigurationIsVisible = 0;
			defaultConfigurationName = Release;
		};
		CACC08D92278623700FC1D88 /* Build configuration list for PBXNativeTarget "KotlinIOS" */ = {
			isa = XCConfigurationList;
			buildConfigurations = (
				CACC08DA2278623700FC1D88 /* Debug */,
				CACC08DB2278623700FC1D88 /* Release */,
			);
			defaultConfigurationIsVisible = 0;
			defaultConfigurationName = Release;
		};
		CACC08DC2278623700FC1D88 /* Build configuration list for PBXNativeTarget "KotlinIOSTests" */ = {
			isa = XCConfigurationList;
			buildConfigurations = (
				CACC08DD2278623700FC1D88 /* Debug */,
				CACC08DE2278623700FC1D88 /* Release */,
			);
			defaultConfigurationIsVisible = 0;
			defaultConfigurationName = Release;
		};
		CACC08DF2278623700FC1D88 /* Build configuration list for PBXNativeTarget "KotlinIOSUITests" */ = {
			isa = XCConfigurationList;
			buildConfigurations = (
				CACC08E02278623700FC1D88 /* Debug */,
				CACC08E12278623700FC1D88 /* Release */,
			);
			defaultConfigurationIsVisible = 0;
			defaultConfigurationName = Release;
		};
/* End XCConfigurationList section */
	};
	rootObject = CACC08A92278623600FC1D88 /* Project object */;
}
